
Microsoft Visual Studio Solution File, Format Version 12.00
# Visual Studio Version 16
VisualStudioVersion = 16.0.29519.87
MinimumVisualStudioVersion = 10.0.40219.1
Project("{FAE04EC0-301F-11D3-BF4B-00C04F79EFBC}") = "PRAngular", "PRAngular\PRAngular.csproj", "{7B39E4F7-5640-4A99-BC40-95BFF176EA8D}"
EndProject
Project("{FAE04EC0-301F-11D3-BF4B-00C04F79EFBC}") = "PRAngular.Tests", "PRAngular.Tests\PRAngular.Tests.csproj", "{033A5B4E-7D47-45F7-A022-C85CF028778F}"
EndProject
Global
	GlobalSection(SolutionConfigurationPlatforms) = preSolution
		Debug|Any CPU = Debug|Any CPU
		Release|Any CPU = Release|Any CPU
	EndGlobalSection
	GlobalSection(ProjectConfigurationPlatforms) = postSolution
		{7B39E4F7-5640-4A99-BC40-95BFF176EA8D}.Debug|Any CPU.ActiveCfg = Debug|Any CPU
		{7B39E4F7-5640-4A99-BC40-95BFF176EA8D}.Debug|Any CPU.Build.0 = Debug|Any CPU
		{7B39E4F7-5640-4A99-BC40-95BFF176EA8D}.Release|Any CPU.ActiveCfg = Release|Any CPU
		{7B39E4F7-5640-4A99-BC40-95BFF176EA8D}.Release|Any CPU.Build.0 = Release|Any CPU
		{033A5B4E-7D47-45F7-A022-C85CF028778F}.Debug|Any CPU.ActiveCfg = Debug|Any CPU
		{033A5B4E-7D47-45F7-A022-C85CF028778F}.Debug|Any CPU.Build.0 = Debug|Any CPU
		{033A5B4E-7D47-45F7-A022-C85CF028778F}.Release|Any CPU.ActiveCfg = Release|Any CPU
		{033A5B4E-7D47-45F7-A022-C85CF028778F}.Release|Any CPU.Build.0 = Release|Any CPU
	EndGlobalSection
	GlobalSection(SolutionProperties) = preSolution
		HideSolutionNode = FALSE
	EndGlobalSection
	GlobalSection(ExtensibilityGlobals) = postSolution
		SolutionGuid = {B76C1D3C-5159-4CD8-B8D3-74C3E2959E0F}
	EndGlobalSection
EndGlobal
